# This file is automatically @generated by Cargo.
# It is not intended for manual editing.
version = 4

[[package]]
name = "oae-analytics"
version = "0.1.0"

[[package]]
name = "oae-api"
version = "0.1.0"

[[package]]
name = "oae-core"
version = "0.1.0"

[[package]]
name = "oae-data"
version = "0.1.0"

[[package]]
name = "oae-storage"
version = "0.1.0"

[[package]]
name = "olympus-analytics-engine"
version = "0.1.0"
